{
  "version": 4,
  "terraform_version": "1.9.8",
  "serial": 191,
  "lineage": "ea029fdf-28b5-8a0c-3f58-5eb9f31bf3a4",
  "outputs": {},
  "resources": [
    {
      "module": "module.backend_app",
      "mode": "managed",
      "type": "azurerm_linux_web_app",
      "name": "app",
      "provider": "provider[\"registry.terraform.io/hashicorp/azurerm\"]",
      "instances": [
        {
          "schema_version": 1,
          "attributes": {
            "app_settings": {
              "DATABASE_URL": "sqlserver://10.0.2.4:1433"
            },
            "auth_settings": [],
            "auth_settings_v2": [],
            "backup": [],
            "client_affinity_enabled": false,
            "client_certificate_enabled": false,
            "client_certificate_exclusion_paths": "",
            "client_certificate_mode": "Required",
            "connection_string": [],
            "custom_domain_verification_id": "1C77933A82F53F578E24F7E565261B12850731A1E4086D36C29529595A7D0F55",
            "default_hostname": "backend-app-495d0f5769ce.azurewebsites.net",
            "enabled": true,
            "ftp_publish_basic_authentication_enabled": true,
            "hosting_environment_id": "",
            "https_only": false,
            "id": "/subscriptions/7eb4d9a8-726a-486e-a956-2bb063e243d0/resourceGroups/Cloud-computing-project-877e1e690c5b/providers/Microsoft.Web/sites/backend-app-495d0f5769ce",
            "identity": [],
            "key_vault_reference_identity_id": "SystemAssigned",
            "kind": "app,linux",
            "location": "northeurope",
            "logs": [],
            "name": "backend-app-495d0f5769ce",
            "outbound_ip_address_list": [
              "20.93.31.162",
              "20.93.31.207",
              "20.93.31.227",
              "20.105.104.49",
              "20.105.104.59",
              "20.93.28.94",
              "20.50.64.26"
            ],
            "outbound_ip_addresses": "20.93.31.162,20.93.31.207,20.93.31.227,20.105.104.49,20.105.104.59,20.93.28.94,20.50.64.26",
            "possible_outbound_ip_address_list": [
              "20.93.31.162",
              "20.93.31.207",
              "20.93.31.227",
              "20.105.104.49",
              "20.105.104.59",
              "20.93.28.94",
              "20.93.31.19",
              "20.105.104.93",
              "20.105.104.104",
              "20.93.29.117",
              "20.105.104.166",
              "20.105.104.240",
              "20.105.104.243",
              "20.105.105.45",
              "20.105.105.97",
              "20.93.29.16",
              "20.93.24.190",
              "20.105.105.120",
              "20.107.146.85",
              "20.107.146.95",
              "20.107.146.131",
              "20.67.189.130",
              "20.107.146.146",
              "20.107.146.200",
              "20.50.64.26"
            ],
            "possible_outbound_ip_addresses": "20.93.31.162,20.93.31.207,20.93.31.227,20.105.104.49,20.105.104.59,20.93.28.94,20.93.31.19,20.105.104.93,20.105.104.104,20.93.29.117,20.105.104.166,20.105.104.240,20.105.104.243,20.105.105.45,20.105.105.97,20.93.29.16,20.93.24.190,20.105.105.120,20.107.146.85,20.107.146.95,20.107.146.131,20.67.189.130,20.107.146.146,20.107.146.200,20.50.64.26",
            "public_network_access_enabled": true,
            "resource_group_name": "Cloud-computing-project-877e1e690c5b",
            "service_plan_id": "/subscriptions/7eb4d9a8-726a-486e-a956-2bb063e243d0/resourceGroups/Cloud-computing-project-877e1e690c5b/providers/Microsoft.Web/serverFarms/example",
            "site_config": [
              {
                "always_on": false,
                "api_definition_url": "",
                "api_management_api_id": "",
                "app_command_line": "",
                "application_stack": [
                  {
                    "docker_image": "",
                    "docker_image_name": "",
                    "docker_image_tag": "",
                    "docker_registry_password": "",
                    "docker_registry_url": "",
                    "docker_registry_username": "",
                    "dotnet_version": "",
                    "go_version": "",
                    "java_server": "",
                    "java_server_version": "",
                    "java_version": "",
                    "node_version": "",
                    "php_version": "",
                    "python_version": "",
                    "ruby_version": ""
                  }
                ],
                "auto_heal_enabled": false,
                "auto_heal_setting": [],
                "container_registry_managed_identity_client_id": "",
                "container_registry_use_managed_identity": false,
                "cors": [],
                "default_documents": [
                  "Default.htm",
                  "Default.html",
                  "Default.asp",
                  "index.htm",
                  "index.html",
                  "iisstart.htm",
                  "default.aspx",
                  "index.php",
                  "hostingstart.html"
                ],
                "detailed_error_logging_enabled": false,
                "ftps_state": "Disabled",
                "health_check_eviction_time_in_min": 0,
                "health_check_path": "",
                "http2_enabled": false,
                "ip_restriction": [],
                "ip_restriction_default_action": "Allow",
                "linux_fx_version": "",
                "load_balancing_mode": "LeastRequests",
                "local_mysql_enabled": false,
                "managed_pipeline_mode": "Integrated",
                "minimum_tls_version": "1.2",
                "remote_debugging_enabled": false,
                "remote_debugging_version": "VS2022",
                "scm_ip_restriction": [],
                "scm_ip_restriction_default_action": "Allow",
                "scm_minimum_tls_version": "1.2",
                "scm_type": "None",
                "scm_use_main_ip_restriction": false,
                "use_32_bit_worker": true,
                "vnet_route_all_enabled": false,
                "websockets_enabled": false,
                "worker_count": 1
              }
            ],
            "site_credential": [
              {
                "name": "$backend-app-495d0f5769ce",
                "password": "XpnrpcMxth9GsM32ax7sZJZ4cc67v0KL3q2KPW6Ljdmrbow1ygvGSEAkqMNG"
              }
            ],
            "sticky_settings": [],
            "storage_account": [],
            "tags": null,
            "timeouts": null,
            "virtual_network_subnet_id": "/subscriptions/7eb4d9a8-726a-486e-a956-2bb063e243d0/resourceGroups/Cloud-computing-project-877e1e690c5b/providers/Microsoft.Network/virtualNetworks/vnet-10-0-0-0-16/subnets/backend-subnet",
            "webdeploy_publish_basic_authentication_enabled": true,
            "zip_deploy_file": ""
          },
          "sensitive_attributes": [
            [
              {
                "type": "get_attr",
                "value": "site_credential"
              }
            ],
            [
              {
                "type": "get_attr",
                "value": "custom_domain_verification_id"
              }
            ],
            [
              {
                "type": "get_attr",
                "value": "site_config"
              },
              {
                "type": "index",
                "value": {
                  "value": 0,
                  "type": "number"
                }
              },
              {
                "type": "get_attr",
                "value": "application_stack"
              },
              {
                "type": "index",
                "value": {
                  "value": 0,
                  "type": "number"
                }
              },
              {
                "type": "get_attr",
                "value": "docker_registry_password"
              }
            ]
          ],
          "private": "eyJlMmJmYjczMC1lY2FhLTExZTYtOGY4OC0zNDM2M2JjN2M0YzAiOnsiY3JlYXRlIjoxODAwMDAwMDAwMDAwLCJkZWxldGUiOjE4MDAwMDAwMDAwMDAsInJlYWQiOjMwMDAwMDAwMDAwMCwidXBkYXRlIjoxODAwMDAwMDAwMDAwfSwic2NoZW1hX3ZlcnNpb24iOiIxIn0=",
          "dependencies": [
            "module.backend_app.azurerm_service_plan.example",
            "module.backend_app.random_id.app_suffix",
            "module.database_user.azurerm_mssql_server.server",
            "module.database_user.azurerm_private_endpoint.db_private_endpoint",
            "module.database_user.random_id.db_suffix",
            "module.database_user.random_id.rule_suffix",
            "module.resource_group.azurerm_resource_group.rg",
            "module.resource_group.random_id.rg_suffix",
            "module.virtual_network.azurerm_subnet.subnets",
            "module.virtual_network.azurerm_virtual_network.vnet"
          ]
        }
      ]
    },
    {
      "module": "module.backend_app",
      "mode": "managed",
      "type": "azurerm_service_plan",
      "name": "example",
      "provider": "provider[\"registry.terraform.io/hashicorp/azurerm\"]",
      "instances": [
        {
          "schema_version": 1,
          "attributes": {
            "app_service_environment_id": "",
            "id": "/subscriptions/7eb4d9a8-726a-486e-a956-2bb063e243d0/resourceGroups/Cloud-computing-project-877e1e690c5b/providers/Microsoft.Web/serverFarms/example",
            "kind": "linux",
            "location": "northeurope",
            "maximum_elastic_worker_count": 1,
            "name": "example",
            "os_type": "Linux",
            "per_site_scaling_enabled": false,
            "reserved": true,
            "resource_group_name": "Cloud-computing-project-877e1e690c5b",
            "sku_name": "B1",
            "tags": null,
            "timeouts": null,
            "worker_count": 1,
            "zone_balancing_enabled": false
          },
          "sensitive_attributes": [],
          "private": "eyJlMmJmYjczMC1lY2FhLTExZTYtOGY4OC0zNDM2M2JjN2M0YzAiOnsiY3JlYXRlIjozNjAwMDAwMDAwMDAwLCJkZWxldGUiOjM2MDAwMDAwMDAwMDAsInJlYWQiOjMwMDAwMDAwMDAwMCwidXBkYXRlIjozNjAwMDAwMDAwMDAwfSwic2NoZW1hX3ZlcnNpb24iOiIxIn0=",
          "dependencies": [
            "module.resource_group.azurerm_resource_group.rg",
            "module.resource_group.random_id.rg_suffix"
          ]
        }
      ]
    },
    {
      "module": "module.backend_app",
      "mode": "managed",
      "type": "random_id",
      "name": "app_suffix",
      "provider": "provider[\"registry.terraform.io/hashicorp/random\"]",
      "instances": [
        {
          "schema_version": 0,
          "attributes": {
            "b64_std": "SV0PV2nO",
            "b64_url": "SV0PV2nO",
            "byte_length": 6,
            "dec": "80664038173134",
            "hex": "495d0f5769ce",
            "id": "SV0PV2nO",
            "keepers": null,
            "prefix": null
          },
          "sensitive_attributes": []
        }
      ]
    },
    {
      "module": "module.database_items",
      "mode": "managed",
      "type": "azurerm_mssql_database",
      "name": "db",
      "provider": "provider[\"registry.terraform.io/hashicorp/azurerm\"]",
      "instances": [
        {
          "schema_version": 1,
          "attributes": {
            "auto_pause_delay_in_minutes": 0,
            "collation": "SQL_Latin1_General_CP1_CI_AS",
            "create_mode": "Default",
            "creation_source_database_id": null,
            "elastic_pool_id": "",
            "enclave_type": "",
            "geo_backup_enabled": true,
            "id": "/subscriptions/7eb4d9a8-726a-486e-a956-2bb063e243d0/resourceGroups/Cloud-computing-project-877e1e690c5b/providers/Microsoft.Sql/servers/itemsdb-c66ee5258107/databases/itemsdb",
            "identity": [],
            "import": [],
            "ledger_enabled": false,
            "license_type": "LicenseIncluded",
            "long_term_retention_policy": [
              {
                "immutable_backups_enabled": false,
                "monthly_retention": "PT0S",
                "week_of_year": 1,
                "weekly_retention": "PT0S",
                "yearly_retention": "PT0S"
              }
            ],
            "maintenance_configuration_name": "SQL_Default",
            "max_size_gb": 32,
            "min_capacity": 0,
            "name": "itemsdb",
            "read_replica_count": 0,
            "read_scale": false,
            "recover_database_id": null,
            "recovery_point_id": null,
            "restore_dropped_database_id": null,
            "restore_long_term_retention_backup_id": null,
            "restore_point_in_time": null,
            "sample_name": null,
            "secondary_type": "",
            "server_id": "/subscriptions/7eb4d9a8-726a-486e-a956-2bb063e243d0/resourceGroups/Cloud-computing-project-877e1e690c5b/providers/Microsoft.Sql/servers/itemsdb-c66ee5258107",
            "short_term_retention_policy": [
              {
                "backup_interval_in_hours": 12,
                "retention_days": 7
              }
            ],
            "sku_name": "GP_Gen5_2",
            "storage_account_type": "Geo",
            "tags": null,
            "threat_detection_policy": [
              {
                "disabled_alerts": [],
                "email_account_admins": "Disabled",
                "email_addresses": [],
                "retention_days": 0,
                "state": "Disabled",
                "storage_account_access_key": "",
                "storage_endpoint": ""
              }
            ],
            "timeouts": null,
            "transparent_data_encryption_enabled": true,
            "transparent_data_encryption_key_automatic_rotation_enabled": false,
            "transparent_data_encryption_key_vault_key_id": "",
            "zone_redundant": false
          },
          "sensitive_attributes": [
            [
              {
                "type": "get_attr",
                "value": "threat_detection_policy"
              },
              {
                "type": "index",
                "value": {
                  "value": 0,
                  "type": "number"
                }
              },
              {
                "type": "get_attr",
                "value": "storage_account_access_key"
              }
            ]
          ],
          "private": "eyJlMmJmYjczMC1lY2FhLTExZTYtOGY4OC0zNDM2M2JjN2M0YzAiOnsiY3JlYXRlIjozNjAwMDAwMDAwMDAwLCJkZWxldGUiOjM2MDAwMDAwMDAwMDAsInJlYWQiOjMwMDAwMDAwMDAwMCwidXBkYXRlIjozNjAwMDAwMDAwMDAwfSwic2NoZW1hX3ZlcnNpb24iOiIxIn0=",
          "dependencies": [
            "module.database_items.azurerm_mssql_server.server",
            "module.database_items.random_id.db_suffix",
            "module.resource_group.azurerm_resource_group.rg",
            "module.resource_group.random_id.rg_suffix"
          ]
        }
      ]
    },
    {
      "module": "module.database_items",
      "mode": "managed",
      "type": "azurerm_mssql_server",
      "name": "server",
      "provider": "provider[\"registry.terraform.io/hashicorp/azurerm\"]",
      "instances": [
        {
          "schema_version": 0,
          "attributes": {
            "administrator_login": "adminuser",
            "administrator_login_password": "P@ssword123",
            "azuread_administrator": [],
            "connection_policy": "Default",
            "fully_qualified_domain_name": "itemsdb-c66ee5258107.database.windows.net",
            "id": "/subscriptions/7eb4d9a8-726a-486e-a956-2bb063e243d0/resourceGroups/Cloud-computing-project-877e1e690c5b/providers/Microsoft.Sql/servers/itemsdb-c66ee5258107",
            "identity": [],
            "location": "northeurope",
            "minimum_tls_version": "1.2",
            "name": "itemsdb-c66ee5258107",
            "outbound_network_restriction_enabled": false,
            "primary_user_assigned_identity_id": "",
            "public_network_access_enabled": true,
            "resource_group_name": "Cloud-computing-project-877e1e690c5b",
            "restorable_dropped_database_ids": [],
            "tags": null,
            "timeouts": null,
            "transparent_data_encryption_key_vault_key_id": "",
            "version": "12.0"
          },
          "sensitive_attributes": [
            [
              {
                "type": "get_attr",
                "value": "administrator_login_password"
              }
            ]
          ],
          "private": "eyJlMmJmYjczMC1lY2FhLTExZTYtOGY4OC0zNDM2M2JjN2M0YzAiOnsiY3JlYXRlIjozNjAwMDAwMDAwMDAwLCJkZWxldGUiOjM2MDAwMDAwMDAwMDAsInJlYWQiOjMwMDAwMDAwMDAwMCwidXBkYXRlIjozNjAwMDAwMDAwMDAwfX0=",
          "dependencies": [
            "module.database_items.random_id.db_suffix",
            "module.resource_group.azurerm_resource_group.rg",
            "module.resource_group.random_id.rg_suffix"
          ]
        }
      ]
    },
    {
      "module": "module.database_items",
      "mode": "managed",
      "type": "azurerm_private_endpoint",
      "name": "db_private_endpoint",
      "provider": "provider[\"registry.terraform.io/hashicorp/azurerm\"]",
      "instances": [
        {
          "schema_version": 0,
          "attributes": {
            "custom_dns_configs": [
              {
                "fqdn": "itemsdb-c66ee5258107.database.windows.net",
                "ip_addresses": [
                  "10.0.2.5"
                ]
              }
            ],
            "custom_network_interface_name": "",
            "id": "/subscriptions/7eb4d9a8-726a-486e-a956-2bb063e243d0/resourceGroups/Cloud-computing-project-877e1e690c5b/providers/Microsoft.Network/privateEndpoints/db-private-endpoint-7d8e9879c482",
            "ip_configuration": [],
            "location": "northeurope",
            "name": "db-private-endpoint-7d8e9879c482",
            "network_interface": [
              {
                "id": "/subscriptions/7eb4d9a8-726a-486e-a956-2bb063e243d0/resourceGroups/Cloud-computing-project-877e1e690c5b/providers/Microsoft.Network/networkInterfaces/db-private-endpoint-7d8e9879c482.nic.1c3190f1-c966-4711-8051-a708c9503d73",
                "name": "db-private-endpoint-7d8e9879c482.nic.1c3190f1-c966-4711-8051-a708c9503d73"
              }
            ],
            "private_dns_zone_configs": [],
            "private_dns_zone_group": [],
            "private_service_connection": [
              {
                "is_manual_connection": false,
                "name": "sql-private-connection",
                "private_connection_resource_alias": "",
                "private_connection_resource_id": "/subscriptions/7eb4d9a8-726a-486e-a956-2bb063e243d0/resourceGroups/Cloud-computing-project-877e1e690c5b/providers/Microsoft.Sql/servers/itemsdb-c66ee5258107",
                "private_ip_address": "10.0.2.5",
                "request_message": "",
                "subresource_names": [
                  "sqlServer"
                ]
              }
            ],
            "resource_group_name": "Cloud-computing-project-877e1e690c5b",
            "subnet_id": "/subscriptions/7eb4d9a8-726a-486e-a956-2bb063e243d0/resourceGroups/Cloud-computing-project-877e1e690c5b/providers/Microsoft.Network/virtualNetworks/vnet-10-0-0-0-16/subnets/database-subnet",
            "tags": null,
            "timeouts": null
          },
          "sensitive_attributes": [],
          "private": "eyJlMmJmYjczMC1lY2FhLTExZTYtOGY4OC0zNDM2M2JjN2M0YzAiOnsiY3JlYXRlIjozNjAwMDAwMDAwMDAwLCJkZWxldGUiOjM2MDAwMDAwMDAwMDAsInJlYWQiOjMwMDAwMDAwMDAwMCwidXBkYXRlIjozNjAwMDAwMDAwMDAwfX0=",
          "dependencies": [
            "module.database_items.azurerm_mssql_server.server",
            "module.database_items.random_id.db_suffix",
            "module.database_items.random_id.rule_suffix",
            "module.resource_group.azurerm_resource_group.rg",
            "module.resource_group.random_id.rg_suffix",
            "module.virtual_network.azurerm_subnet.subnets",
            "module.virtual_network.azurerm_virtual_network.vnet"
          ]
        }
      ]
    },
    {
      "module": "module.database_items",
      "mode": "managed",
      "type": "random_id",
      "name": "db_suffix",
      "provider": "provider[\"registry.terraform.io/hashicorp/random\"]",
      "instances": [
        {
          "schema_version": 0,
          "attributes": {
            "b64_std": "xm7lJYEH",
            "b64_url": "xm7lJYEH",
            "byte_length": 6,
            "dec": "218179593142535",
            "hex": "c66ee5258107",
            "id": "xm7lJYEH",
            "keepers": null,
            "prefix": null
          },
          "sensitive_attributes": []
        }
      ]
    },
    {
      "module": "module.database_items",
      "mode": "managed",
      "type": "random_id",
      "name": "rule_suffix",
      "provider": "provider[\"registry.terraform.io/hashicorp/random\"]",
      "instances": [
        {
          "schema_version": 0,
          "attributes": {
            "b64_std": "fY6YecSC",
            "b64_url": "fY6YecSC",
            "byte_length": 6,
            "dec": "138051396945026",
            "hex": "7d8e9879c482",
            "id": "fY6YecSC",
            "keepers": null,
            "prefix": null
          },
          "sensitive_attributes": []
        }
      ]
    },
    {
      "module": "module.database_user",
      "mode": "managed",
      "type": "azurerm_mssql_database",
      "name": "db",
      "provider": "provider[\"registry.terraform.io/hashicorp/azurerm\"]",
      "instances": [
        {
          "schema_version": 1,
          "attributes": {
            "auto_pause_delay_in_minutes": 0,
            "collation": "SQL_Latin1_General_CP1_CI_AS",
            "create_mode": "Default",
            "creation_source_database_id": null,
            "elastic_pool_id": "",
            "enclave_type": "",
            "geo_backup_enabled": true,
            "id": "/subscriptions/7eb4d9a8-726a-486e-a956-2bb063e243d0/resourceGroups/Cloud-computing-project-877e1e690c5b/providers/Microsoft.Sql/servers/userdb-5f306cc55449/databases/userdb",
            "identity": [],
            "import": [],
            "ledger_enabled": false,
            "license_type": "LicenseIncluded",
            "long_term_retention_policy": [
              {
                "immutable_backups_enabled": false,
                "monthly_retention": "PT0S",
                "week_of_year": 1,
                "weekly_retention": "PT0S",
                "yearly_retention": "PT0S"
              }
            ],
            "maintenance_configuration_name": "SQL_Default",
            "max_size_gb": 32,
            "min_capacity": 0,
            "name": "userdb",
            "read_replica_count": 0,
            "read_scale": false,
            "recover_database_id": null,
            "recovery_point_id": null,
            "restore_dropped_database_id": null,
            "restore_long_term_retention_backup_id": null,
            "restore_point_in_time": null,
            "sample_name": null,
            "secondary_type": "",
            "server_id": "/subscriptions/7eb4d9a8-726a-486e-a956-2bb063e243d0/resourceGroups/Cloud-computing-project-877e1e690c5b/providers/Microsoft.Sql/servers/userdb-5f306cc55449",
            "short_term_retention_policy": [
              {
                "backup_interval_in_hours": 12,
                "retention_days": 7
              }
            ],
            "sku_name": "GP_Gen5_2",
            "storage_account_type": "Geo",
            "tags": null,
            "threat_detection_policy": [
              {
                "disabled_alerts": [],
                "email_account_admins": "Disabled",
                "email_addresses": [],
                "retention_days": 0,
                "state": "Disabled",
                "storage_account_access_key": "",
                "storage_endpoint": ""
              }
            ],
            "timeouts": null,
            "transparent_data_encryption_enabled": true,
            "transparent_data_encryption_key_automatic_rotation_enabled": false,
            "transparent_data_encryption_key_vault_key_id": "",
            "zone_redundant": false
          },
          "sensitive_attributes": [
            [
              {
                "type": "get_attr",
                "value": "threat_detection_policy"
              },
              {
                "type": "index",
                "value": {
                  "value": 0,
                  "type": "number"
                }
              },
              {
                "type": "get_attr",
                "value": "storage_account_access_key"
              }
            ]
          ],
          "private": "eyJlMmJmYjczMC1lY2FhLTExZTYtOGY4OC0zNDM2M2JjN2M0YzAiOnsiY3JlYXRlIjozNjAwMDAwMDAwMDAwLCJkZWxldGUiOjM2MDAwMDAwMDAwMDAsInJlYWQiOjMwMDAwMDAwMDAwMCwidXBkYXRlIjozNjAwMDAwMDAwMDAwfSwic2NoZW1hX3ZlcnNpb24iOiIxIn0=",
          "dependencies": [
            "module.database_user.azurerm_mssql_server.server",
            "module.database_user.random_id.db_suffix",
            "module.resource_group.azurerm_resource_group.rg",
            "module.resource_group.random_id.rg_suffix"
          ]
        }
      ]
    },
    {
      "module": "module.database_user",
      "mode": "managed",
      "type": "azurerm_mssql_server",
      "name": "server",
      "provider": "provider[\"registry.terraform.io/hashicorp/azurerm\"]",
      "instances": [
        {
          "schema_version": 0,
          "attributes": {
            "administrator_login": "adminuser",
            "administrator_login_password": "P@ssword123",
            "azuread_administrator": [],
            "connection_policy": "Default",
            "fully_qualified_domain_name": "userdb-5f306cc55449.database.windows.net",
            "id": "/subscriptions/7eb4d9a8-726a-486e-a956-2bb063e243d0/resourceGroups/Cloud-computing-project-877e1e690c5b/providers/Microsoft.Sql/servers/userdb-5f306cc55449",
            "identity": [],
            "location": "northeurope",
            "minimum_tls_version": "1.2",
            "name": "userdb-5f306cc55449",
            "outbound_network_restriction_enabled": false,
            "primary_user_assigned_identity_id": "",
            "public_network_access_enabled": true,
            "resource_group_name": "Cloud-computing-project-877e1e690c5b",
            "restorable_dropped_database_ids": [],
            "tags": null,
            "timeouts": null,
            "transparent_data_encryption_key_vault_key_id": "",
            "version": "12.0"
          },
          "sensitive_attributes": [
            [
              {
                "type": "get_attr",
                "value": "administrator_login_password"
              }
            ]
          ],
          "private": "eyJlMmJmYjczMC1lY2FhLTExZTYtOGY4OC0zNDM2M2JjN2M0YzAiOnsiY3JlYXRlIjozNjAwMDAwMDAwMDAwLCJkZWxldGUiOjM2MDAwMDAwMDAwMDAsInJlYWQiOjMwMDAwMDAwMDAwMCwidXBkYXRlIjozNjAwMDAwMDAwMDAwfX0=",
          "dependencies": [
            "module.database_user.random_id.db_suffix",
            "module.resource_group.azurerm_resource_group.rg",
            "module.resource_group.random_id.rg_suffix"
          ]
        }
      ]
    },
    {
      "module": "module.database_user",
      "mode": "managed",
      "type": "azurerm_private_endpoint",
      "name": "db_private_endpoint",
      "provider": "provider[\"registry.terraform.io/hashicorp/azurerm\"]",
      "instances": [
        {
          "schema_version": 0,
          "attributes": {
            "custom_dns_configs": [
              {
                "fqdn": "userdb-5f306cc55449.database.windows.net",
                "ip_addresses": [
                  "10.0.2.4"
                ]
              }
            ],
            "custom_network_interface_name": "",
            "id": "/subscriptions/7eb4d9a8-726a-486e-a956-2bb063e243d0/resourceGroups/Cloud-computing-project-877e1e690c5b/providers/Microsoft.Network/privateEndpoints/db-private-endpoint-6f5e05491b6e",
            "ip_configuration": [],
            "location": "northeurope",
            "name": "db-private-endpoint-6f5e05491b6e",
            "network_interface": [
              {
                "id": "/subscriptions/7eb4d9a8-726a-486e-a956-2bb063e243d0/resourceGroups/Cloud-computing-project-877e1e690c5b/providers/Microsoft.Network/networkInterfaces/db-private-endpoint-6f5e05491b6e.nic.cc38ed24-2ed6-4dfb-bdfe-03b263ea5c54",
                "name": "db-private-endpoint-6f5e05491b6e.nic.cc38ed24-2ed6-4dfb-bdfe-03b263ea5c54"
              }
            ],
            "private_dns_zone_configs": [],
            "private_dns_zone_group": [],
            "private_service_connection": [
              {
                "is_manual_connection": false,
                "name": "sql-private-connection",
                "private_connection_resource_alias": "",
                "private_connection_resource_id": "/subscriptions/7eb4d9a8-726a-486e-a956-2bb063e243d0/resourceGroups/Cloud-computing-project-877e1e690c5b/providers/Microsoft.Sql/servers/userdb-5f306cc55449",
                "private_ip_address": "10.0.2.4",
                "request_message": "",
                "subresource_names": [
                  "sqlServer"
                ]
              }
            ],
            "resource_group_name": "Cloud-computing-project-877e1e690c5b",
            "subnet_id": "/subscriptions/7eb4d9a8-726a-486e-a956-2bb063e243d0/resourceGroups/Cloud-computing-project-877e1e690c5b/providers/Microsoft.Network/virtualNetworks/vnet-10-0-0-0-16/subnets/database-subnet",
            "tags": null,
            "timeouts": null
          },
          "sensitive_attributes": [],
          "private": "eyJlMmJmYjczMC1lY2FhLTExZTYtOGY4OC0zNDM2M2JjN2M0YzAiOnsiY3JlYXRlIjozNjAwMDAwMDAwMDAwLCJkZWxldGUiOjM2MDAwMDAwMDAwMDAsInJlYWQiOjMwMDAwMDAwMDAwMCwidXBkYXRlIjozNjAwMDAwMDAwMDAwfX0=",
          "dependencies": [
            "module.database_user.azurerm_mssql_server.server",
            "module.database_user.random_id.db_suffix",
            "module.database_user.random_id.rule_suffix",
            "module.resource_group.azurerm_resource_group.rg",
            "module.resource_group.random_id.rg_suffix",
            "module.virtual_network.azurerm_subnet.subnets",
            "module.virtual_network.azurerm_virtual_network.vnet"
          ]
        }
      ]
    },
    {
      "module": "module.database_user",
      "mode": "managed",
      "type": "random_id",
      "name": "db_suffix",
      "provider": "provider[\"registry.terraform.io/hashicorp/random\"]",
      "instances": [
        {
          "schema_version": 0,
          "attributes": {
            "b64_std": "XzBsxVRJ",
            "b64_url": "XzBsxVRJ",
            "byte_length": 6,
            "dec": "104661587940425",
            "hex": "5f306cc55449",
            "id": "XzBsxVRJ",
            "keepers": null,
            "prefix": null
          },
          "sensitive_attributes": []
        }
      ]
    },
    {
      "module": "module.database_user",
      "mode": "managed",
      "type": "random_id",
      "name": "rule_suffix",
      "provider": "provider[\"registry.terraform.io/hashicorp/random\"]",
      "instances": [
        {
          "schema_version": 0,
          "attributes": {
            "b64_std": "b14FSRtu",
            "b64_url": "b14FSRtu",
            "byte_length": 6,
            "dec": "122449606286190",
            "hex": "6f5e05491b6e",
            "id": "b14FSRtu",
            "keepers": null,
            "prefix": null
          },
          "sensitive_attributes": []
        }
      ]
    },
    {
      "module": "module.resource_group",
      "mode": "managed",
      "type": "azurerm_resource_group",
      "name": "rg",
      "provider": "provider[\"registry.terraform.io/hashicorp/azurerm\"]",
      "instances": [
        {
          "schema_version": 0,
          "attributes": {
            "id": "/subscriptions/7eb4d9a8-726a-486e-a956-2bb063e243d0/resourceGroups/Cloud-computing-project-877e1e690c5b",
            "location": "northeurope",
            "managed_by": "",
            "name": "Cloud-computing-project-877e1e690c5b",
            "tags": null,
            "timeouts": null
          },
          "sensitive_attributes": [],
          "private": "eyJlMmJmYjczMC1lY2FhLTExZTYtOGY4OC0zNDM2M2JjN2M0YzAiOnsiY3JlYXRlIjo1NDAwMDAwMDAwMDAwLCJkZWxldGUiOjU0MDAwMDAwMDAwMDAsInJlYWQiOjMwMDAwMDAwMDAwMCwidXBkYXRlIjo1NDAwMDAwMDAwMDAwfX0=",
          "dependencies": [
            "module.resource_group.random_id.rg_suffix"
          ]
        }
      ]
    },
    {
      "module": "module.resource_group",
      "mode": "managed",
      "type": "random_id",
      "name": "rg_suffix",
      "provider": "provider[\"registry.terraform.io/hashicorp/random\"]",
      "instances": [
        {
          "schema_version": 0,
          "attributes": {
            "b64_std": "h34eaQxb",
            "b64_url": "h34eaQxb",
            "byte_length": 6,
            "dec": "148975745829979",
            "hex": "877e1e690c5b",
            "id": "h34eaQxb",
            "keepers": null,
            "prefix": null
          },
          "sensitive_attributes": []
        }
      ]
    },
    {
      "module": "module.virtual_network",
      "mode": "managed",
      "type": "azurerm_subnet",
      "name": "subnets",
      "provider": "provider[\"registry.terraform.io/hashicorp/azurerm\"]",
      "instances": [
        {
          "index_key": 0,
          "schema_version": 0,
          "attributes": {
            "address_prefixes": [
              "10.0.1.0/24"
            ],
            "default_outbound_access_enabled": true,
            "delegation": [
              {
                "name": "Microsoft.Web/serverFarms",
                "service_delegation": [
                  {
                    "actions": [
                      "Microsoft.Network/virtualNetworks/subnets/action"
                    ],
                    "name": "Microsoft.Web/serverFarms"
                  }
                ]
              }
            ],
            "enforce_private_link_endpoint_network_policies": false,
            "enforce_private_link_service_network_policies": false,
            "id": "/subscriptions/7eb4d9a8-726a-486e-a956-2bb063e243d0/resourceGroups/Cloud-computing-project-877e1e690c5b/providers/Microsoft.Network/virtualNetworks/vnet-10-0-0-0-16/subnets/backend-subnet",
            "name": "backend-subnet",
            "private_endpoint_network_policies": "Enabled",
            "private_endpoint_network_policies_enabled": true,
            "private_link_service_network_policies_enabled": true,
            "resource_group_name": "Cloud-computing-project-877e1e690c5b",
            "service_endpoint_policy_ids": null,
            "service_endpoints": null,
            "timeouts": null,
            "virtual_network_name": "vnet-10-0-0-0-16"
          },
          "sensitive_attributes": [],
          "private": "eyJlMmJmYjczMC1lY2FhLTExZTYtOGY4OC0zNDM2M2JjN2M0YzAiOnsiY3JlYXRlIjoxODAwMDAwMDAwMDAwLCJkZWxldGUiOjE4MDAwMDAwMDAwMDAsInJlYWQiOjMwMDAwMDAwMDAwMCwidXBkYXRlIjoxODAwMDAwMDAwMDAwfX0=",
          "dependencies": [
            "module.resource_group.azurerm_resource_group.rg",
            "module.resource_group.random_id.rg_suffix",
            "module.virtual_network.azurerm_virtual_network.vnet"
          ]
        },
        {
          "index_key": 1,
          "schema_version": 0,
          "attributes": {
            "address_prefixes": [
              "10.0.2.0/24"
            ],
            "default_outbound_access_enabled": true,
            "delegation": [],
            "enforce_private_link_endpoint_network_policies": false,
            "enforce_private_link_service_network_policies": false,
            "id": "/subscriptions/7eb4d9a8-726a-486e-a956-2bb063e243d0/resourceGroups/Cloud-computing-project-877e1e690c5b/providers/Microsoft.Network/virtualNetworks/vnet-10-0-0-0-16/subnets/database-subnet",
            "name": "database-subnet",
            "private_endpoint_network_policies": "Enabled",
            "private_endpoint_network_policies_enabled": true,
            "private_link_service_network_policies_enabled": true,
            "resource_group_name": "Cloud-computing-project-877e1e690c5b",
            "service_endpoint_policy_ids": null,
            "service_endpoints": null,
            "timeouts": null,
            "virtual_network_name": "vnet-10-0-0-0-16"
          },
          "sensitive_attributes": [],
          "private": "eyJlMmJmYjczMC1lY2FhLTExZTYtOGY4OC0zNDM2M2JjN2M0YzAiOnsiY3JlYXRlIjoxODAwMDAwMDAwMDAwLCJkZWxldGUiOjE4MDAwMDAwMDAwMDAsInJlYWQiOjMwMDAwMDAwMDAwMCwidXBkYXRlIjoxODAwMDAwMDAwMDAwfX0=",
          "dependencies": [
            "module.resource_group.azurerm_resource_group.rg",
            "module.resource_group.random_id.rg_suffix",
            "module.virtual_network.azurerm_virtual_network.vnet"
          ]
        },
        {
          "index_key": 2,
          "schema_version": 0,
          "attributes": {
            "address_prefixes": [
              "10.0.3.0/24"
            ],
            "default_outbound_access_enabled": true,
            "delegation": [],
            "enforce_private_link_endpoint_network_policies": false,
            "enforce_private_link_service_network_policies": false,
            "id": "/subscriptions/7eb4d9a8-726a-486e-a956-2bb063e243d0/resourceGroups/Cloud-computing-project-877e1e690c5b/providers/Microsoft.Network/virtualNetworks/vnet-10-0-0-0-16/subnets/database-monitoring",
            "name": "database-monitoring",
            "private_endpoint_network_policies": "Enabled",
            "private_endpoint_network_policies_enabled": true,
            "private_link_service_network_policies_enabled": true,
            "resource_group_name": "Cloud-computing-project-877e1e690c5b",
            "service_endpoint_policy_ids": null,
            "service_endpoints": null,
            "timeouts": null,
            "virtual_network_name": "vnet-10-0-0-0-16"
          },
          "sensitive_attributes": [],
          "private": "eyJlMmJmYjczMC1lY2FhLTExZTYtOGY4OC0zNDM2M2JjN2M0YzAiOnsiY3JlYXRlIjoxODAwMDAwMDAwMDAwLCJkZWxldGUiOjE4MDAwMDAwMDAwMDAsInJlYWQiOjMwMDAwMDAwMDAwMCwidXBkYXRlIjoxODAwMDAwMDAwMDAwfX0=",
          "dependencies": [
            "module.resource_group.azurerm_resource_group.rg",
            "module.resource_group.random_id.rg_suffix",
            "module.virtual_network.azurerm_virtual_network.vnet"
          ]
        }
      ]
    },
    {
      "module": "module.virtual_network",
      "mode": "managed",
      "type": "azurerm_virtual_network",
      "name": "vnet",
      "provider": "provider[\"registry.terraform.io/hashicorp/azurerm\"]",
      "instances": [
        {
          "schema_version": 0,
          "attributes": {
            "address_space": [
              "10.0.0.0/16"
            ],
            "bgp_community": "",
            "ddos_protection_plan": [],
            "dns_servers": [],
            "edge_zone": "",
            "encryption": [],
            "flow_timeout_in_minutes": 0,
            "guid": "a24040ed-ce08-44ce-a16f-8734059f1818",
            "id": "/subscriptions/7eb4d9a8-726a-486e-a956-2bb063e243d0/resourceGroups/Cloud-computing-project-877e1e690c5b/providers/Microsoft.Network/virtualNetworks/vnet-10-0-0-0-16",
            "location": "northeurope",
            "name": "vnet-10-0-0-0-16",
            "resource_group_name": "Cloud-computing-project-877e1e690c5b",
            "subnet": [],
            "tags": null,
            "timeouts": null
          },
          "sensitive_attributes": [],
          "private": "eyJlMmJmYjczMC1lY2FhLTExZTYtOGY4OC0zNDM2M2JjN2M0YzAiOnsiY3JlYXRlIjoxODAwMDAwMDAwMDAwLCJkZWxldGUiOjE4MDAwMDAwMDAwMDAsInJlYWQiOjMwMDAwMDAwMDAwMCwidXBkYXRlIjoxODAwMDAwMDAwMDAwfX0=",
          "dependencies": [
            "module.resource_group.azurerm_resource_group.rg",
            "module.resource_group.random_id.rg_suffix"
          ]
        }
      ]
    }
  ],
  "check_results": null
}
